
Microsoft Visual Studio Solution File, Format Version 12.00
# Visual Studio Version 17
VisualStudioVersion = 17.0.31903.59
MinimumVisualStudioVersion = 10.0.40219.1
Project("{FAE04EC0-301F-11D3-BF4B-00C04F79EFBC}") = "Haru.Shared", "Haru.Shared\Haru.Shared.csproj", "{96DE2CBB-E628-41C7-943B-3764C7CF4712}"
EndProject
Project("{FAE04EC0-301F-11D3-BF4B-00C04F79EFBC}") = "Haru.Shared.Tests", "Haru.Shared.Tests\Haru.Shared.Tests.csproj", "{548C3DD9-2391-4A73-B383-E104798EAC71}"
EndProject
Global
	GlobalSection(SolutionConfigurationPlatforms) = preSolution
		Debug|Any CPU = Debug|Any CPU
		Release|Any CPU = Release|Any CPU
	EndGlobalSection
	GlobalSection(SolutionProperties) = preSolution
		HideSolutionNode = FALSE
	EndGlobalSection
	GlobalSection(ProjectConfigurationPlatforms) = postSolution
		{96DE2CBB-E628-41C7-943B-3764C7CF4712}.Debug|Any CPU.ActiveCfg = Debug|Any CPU
		{96DE2CBB-E628-41C7-943B-3764C7CF4712}.Debug|Any CPU.Build.0 = Debug|Any CPU
		{96DE2CBB-E628-41C7-943B-3764C7CF4712}.Release|Any CPU.ActiveCfg = Release|Any CPU
		{96DE2CBB-E628-41C7-943B-3764C7CF4712}.Release|Any CPU.Build.0 = Release|Any CPU
		{548C3DD9-2391-4A73-B383-E104798EAC71}.Debug|Any CPU.ActiveCfg = Debug|Any CPU
		{548C3DD9-2391-4A73-B383-E104798EAC71}.Debug|Any CPU.Build.0 = Debug|Any CPU
		{548C3DD9-2391-4A73-B383-E104798EAC71}.Release|Any CPU.ActiveCfg = Release|Any CPU
		{548C3DD9-2391-4A73-B383-E104798EAC71}.Release|Any CPU.Build.0 = Release|Any CPU
	EndGlobalSection
EndGlobal
